<?xml version="1.0" encoding="UTF-8" standalone="yes" ?>
<CodeBlocks_project_file>
	<FileVersion major="1" minor="6" />
	<Project>
		<Option title="midi2cv" />
		<Option makefile="makefile" />
		<Option makefile_is_custom="1" />
		<Option pch_mode="2" />
		<Option compiler="gcc" />
		<Build>
			<Target title="all">
				<Option output="build/midi2cv" prefix_auto="1" extension_auto="1" />
				<Option object_output="obj/Release/" />
				<Option type="1" />
				<Option compiler="gcc" />
				<Compiler>
					<Add option="-O2" />
					<Add directory="include" />
				</Compiler>
				<Linker>
					<Add option="-s" />
				</Linker>
			</Target>
		</Build>
		<Compiler>
			<Add option="-Wall" />
		</Compiler>
		<Unit filename="README.md" />
		<Unit filename="makefile" />
		<Unit filename="src/Debug.h" />
		<Unit filename="src/Display.cpp" />
		<Unit filename="src/Display.hpp" />
		<Unit filename="src/MidiInterface.cpp" />
		<Unit filename="src/MidiInterface.hpp" />
		<Unit filename="src/RtMidi/RtMidi.cpp" />
		<Unit filename="src/RtMidi/RtMidi.h" />
		<Unit filename="src/display/DEV_Config.c">
			<Option compilerVar="CC" />
		</Unit>
		<Unit filename="src/display/DEV_Config.h" />
		<Unit filename="src/display/OLED_Driver.c">
			<Option compilerVar="CC" />
		</Unit>
		<Unit filename="src/display/OLED_Driver.h" />
		<Unit filename="src/display/OLED_GFX.c">
			<Option compilerVar="CC" />
		</Unit>
		<Unit filename="src/display/OLED_GFX.h" />
		<Unit filename="src/display/dev_hardware_SPI.c">
			<Option compilerVar="CC" />
		</Unit>
		<Unit filename="src/display/dev_hardware_SPI.h" />
		<Unit filename="src/display/dev_hardware_i2c.c">
			<Option compilerVar="CC" />
		</Unit>
		<Unit filename="src/display/dev_hardware_i2c.h" />
		<Unit filename="src/display/sysfs_gpio.c">
			<Option compilerVar="CC" />
		</Unit>
		<Unit filename="src/display/sysfs_gpio.h" />
		<Unit filename="src/fonts/ASCII_Font.c">
			<Option compilerVar="CC" />
		</Unit>
		<Unit filename="src/fonts/ASCII_Font.h" />
		<Unit filename="src/fonts/font12.c">
			<Option compilerVar="CC" />
		</Unit>
		<Unit filename="src/fonts/font16.c">
			<Option compilerVar="CC" />
		</Unit>
		<Unit filename="src/fonts/font20.c">
			<Option compilerVar="CC" />
		</Unit>
		<Unit filename="src/fonts/font24.c">
			<Option compilerVar="CC" />
		</Unit>
		<Unit filename="src/fonts/font8.c">
			<Option compilerVar="CC" />
		</Unit>
		<Unit filename="src/fonts/fonts.h" />
		<Unit filename="src/global.cpp" />
		<Unit filename="src/global.hpp" />
		<Unit filename="src/input.cpp" />
		<Unit filename="src/input.hpp" />
		<Unit filename="src/keypad.cpp" />
		<Unit filename="src/keypad.hpp" />
		<Unit filename="src/main.cpp" />
		<Unit filename="src/mcp4922.cpp" />
		<Unit filename="src/mcp4922.hpp" />
		<Unit filename="src/pins.hpp" />
		<Unit filename="src/voct.cpp" />
		<Unit filename="src/voct.hpp" />
		<Extensions>
			<code_completion />
			<debugger />
		</Extensions>
	</Project>
</CodeBlocks_project_file>
